dependencies:
- name: redis
  repository: https://harbor.dsrd.libraries.psu.edu/chartrepo/public
  version: 0.2.2
- name: mariadb
  repository: https://harbor.dsrd.libraries.psu.edu/chartrepo/public
  version: 0.0.13
digest: sha256:c4925b683f477f34c47a842ab50d478880002fbbd1f22082df32914268018a08
generated: "2019-11-26T19:42:13.751628-05:00"
